// !$*UTF8*$!
{
	archiveVersion = 1;
	classes = {
	};
	objectVersion = 46;
	objects = {

/* Begin PBXBuildFile section */
		AF424EB81E7A03A000AC5B48 /* CryptoSwift.framework in Frameworks */ = {isa = PBXBuildFile; fileRef = AF424EB71E7A03A000AC5B48 /* CryptoSwift.framework */; };
		AF424EBA1E7A03A400AC5B48 /* JWT.framework in Frameworks */ = {isa = PBXBuildFile; fileRef = AF424EB91E7A03A400AC5B48 /* JWT.framework */; };
		AF502F161E7877E60020C24B /* PopupDialog.framework in Frameworks */ = {isa = PBXBuildFile; fileRef = AF502F151E7877E60020C24B /* PopupDialog.framework */; };
		AF5B05351E77276900E97D32 /* Alamofire.framework in Frameworks */ = {isa = PBXBuildFile; fileRef = AF5B05341E77276900E97D32 /* Alamofire.framework */; };
		B381C8D8F38A79A0863A4C4B /* Pods_MemoFrame.framework in Frameworks */ = {isa = PBXBuildFile; fileRef = 0E6CBC09CFF6B11DD322BA0E /* Pods_MemoFrame.framework */; };
		F43F88BF1E7282FE00FDEF36 /* Innlogging.swift in Sources */ = {isa = PBXBuildFile; fileRef = F43F88BE1E7282FE00FDEF36 /* Innlogging.swift */; };
		F43F88C11E7296CA00FDEF36 /* GlemtPassord.swift in Sources */ = {isa = PBXBuildFile; fileRef = F43F88C01E7296CA00FDEF36 /* GlemtPassord.swift */; };
		F43F88C31E729B9F00FDEF36 /* Informasjon.swift in Sources */ = {isa = PBXBuildFile; fileRef = F43F88C21E729B9F00FDEF36 /* Informasjon.swift */; };
		F43F88C51E729BAE00FDEF36 /* KontaktOss.swift in Sources */ = {isa = PBXBuildFile; fileRef = F43F88C41E729BAE00FDEF36 /* KontaktOss.swift */; };
		F43F88C71E72A0F500FDEF36 /* Facebook.swift in Sources */ = {isa = PBXBuildFile; fileRef = F43F88C61E72A0F500FDEF36 /* Facebook.swift */; };
		F43F88C91E72A9F400FDEF36 /* Registrering.swift in Sources */ = {isa = PBXBuildFile; fileRef = F43F88C81E72A9F400FDEF36 /* Registrering.swift */; };
		F43F88CB1E72AA0E00FDEF36 /* RegistreringTilbakemelding.swift in Sources */ = {isa = PBXBuildFile; fileRef = F43F88CA1E72AA0E00FDEF36 /* RegistreringTilbakemelding.swift */; };
		F43F88CD1E72AA4E00FDEF36 /* Regex.swift in Sources */ = {isa = PBXBuildFile; fileRef = F43F88CC1E72AA4E00FDEF36 /* Regex.swift */; };
		F43F88CF1E76402E00FDEF36 /* Hovedmeny.swift in Sources */ = {isa = PBXBuildFile; fileRef = F43F88CE1E76402E00FDEF36 /* Hovedmeny.swift */; };
		F43F88D11E7648FA00FDEF36 /* Instillinger.swift in Sources */ = {isa = PBXBuildFile; fileRef = F43F88D01E7648FA00FDEF36 /* Instillinger.swift */; };
		F44D3E8F1E704BF0001463B0 /* AppDelegate.swift in Sources */ = {isa = PBXBuildFile; fileRef = F44D3E8E1E704BF0001463B0 /* AppDelegate.swift */; };
		F44D3E941E704BF0001463B0 /* Main.storyboard in Resources */ = {isa = PBXBuildFile; fileRef = F44D3E921E704BF0001463B0 /* Main.storyboard */; };
		F44D3E961E704BF0001463B0 /* Assets.xcassets in Resources */ = {isa = PBXBuildFile; fileRef = F44D3E951E704BF0001463B0 /* Assets.xcassets */; };
		F44D3E991E704BF0001463B0 /* LaunchScreen.storyboard in Resources */ = {isa = PBXBuildFile; fileRef = F44D3E971E704BF0001463B0 /* LaunchScreen.storyboard */; };
		F44D3EA41E704BF0001463B0 /* MemoFrameTests.swift in Sources */ = {isa = PBXBuildFile; fileRef = F44D3EA31E704BF0001463B0 /* MemoFrameTests.swift */; };
		F44D3EAF1E704BF0001463B0 /* MemoFrameUITests.swift in Sources */ = {isa = PBXBuildFile; fileRef = F44D3EAE1E704BF0001463B0 /* MemoFrameUITests.swift */; };
		F49FDB7A1E7652E900F4B8B2 /* Brukerdetaljer.swift in Sources */ = {isa = PBXBuildFile; fileRef = F49FDB791E7652E900F4B8B2 /* Brukerdetaljer.swift */; };
		F4B4FABC1E76C11C00D76CA2 /* TestViaKode.swift in Sources */ = {isa = PBXBuildFile; fileRef = F4B4FABB1E76C11C00D76CA2 /* TestViaKode.swift */; };
/* End PBXBuildFile section */

/* Begin PBXContainerItemProxy section */
		F44D3EA01E704BF0001463B0 /* PBXContainerItemProxy */ = {
			isa = PBXContainerItemProxy;
			containerPortal = F44D3E831E704BEF001463B0 /* Project object */;
			proxyType = 1;
			remoteGlobalIDString = F44D3E8A1E704BEF001463B0;
			remoteInfo = MemoFrame;
		};
		F44D3EAB1E704BF0001463B0 /* PBXContainerItemProxy */ = {
			isa = PBXContainerItemProxy;
			containerPortal = F44D3E831E704BEF001463B0 /* Project object */;
			proxyType = 1;
			remoteGlobalIDString = F44D3E8A1E704BEF001463B0;
			remoteInfo = MemoFrame;
		};
/* End PBXContainerItemProxy section */

/* Begin PBXFileReference section */
		0E6CBC09CFF6B11DD322BA0E /* Pods_MemoFrame.framework */ = {isa = PBXFileReference; explicitFileType = wrapper.framework; includeInIndex = 0; path = Pods_MemoFrame.framework; sourceTree = BUILT_PRODUCTS_DIR; };
		6B5709197FB664BA62D89C07 /* Pods-MemoFrame.release.xcconfig */ = {isa = PBXFileReference; includeInIndex = 1; lastKnownFileType = text.xcconfig; name = "Pods-MemoFrame.release.xcconfig"; path = "Pods/Target Support Files/Pods-MemoFrame/Pods-MemoFrame.release.xcconfig"; sourceTree = "<group>"; };
		AF424EB71E7A03A000AC5B48 /* CryptoSwift.framework */ = {isa = PBXFileReference; lastKnownFileType = wrapper.framework; name = CryptoSwift.framework; path = "../../Library/Developer/Xcode/DerivedData/MemoFrame-alofdsedcpbwtqapnakklaiapetj/Build/Products/Debug-iphonesimulator/CryptoSwift/CryptoSwift.framework"; sourceTree = "<group>"; };
		AF424EB91E7A03A400AC5B48 /* JWT.framework */ = {isa = PBXFileReference; lastKnownFileType = wrapper.framework; name = JWT.framework; path = "../../Library/Developer/Xcode/DerivedData/MemoFrame-alofdsedcpbwtqapnakklaiapetj/Build/Products/Debug-iphonesimulator/JSONWebToken/JWT.framework"; sourceTree = "<group>"; };
		AF502F151E7877E60020C24B /* PopupDialog.framework */ = {isa = PBXFileReference; lastKnownFileType = wrapper.framework; name = PopupDialog.framework; path = "../../Library/Developer/Xcode/DerivedData/MemoFrame-alofdsedcpbwtqapnakklaiapetj/Build/Products/Debug-iphonesimulator/PopupDialog/PopupDialog.framework"; sourceTree = "<group>"; };
		AF5B05341E77276900E97D32 /* Alamofire.framework */ = {isa = PBXFileReference; lastKnownFileType = wrapper.framework; name = Alamofire.framework; path = "../../Library/Developer/Xcode/DerivedData/MemoFrame-alofdsedcpbwtqapnakklaiapetj/Build/Products/Debug-iphonesimulator/Alamofire/Alamofire.framework"; sourceTree = "<group>"; };
		BE3E998BA3E867688C1ACB33 /* Pods-MemoFrame.debug.xcconfig */ = {isa = PBXFileReference; includeInIndex = 1; lastKnownFileType = text.xcconfig; name = "Pods-MemoFrame.debug.xcconfig"; path = "Pods/Target Support Files/Pods-MemoFrame/Pods-MemoFrame.debug.xcconfig"; sourceTree = "<group>"; };
		F43F88BE1E7282FE00FDEF36 /* Innlogging.swift */ = {isa = PBXFileReference; fileEncoding = 4; lastKnownFileType = sourcecode.swift; path = Innlogging.swift; sourceTree = "<group>"; };
		F43F88C01E7296CA00FDEF36 /* GlemtPassord.swift */ = {isa = PBXFileReference; fileEncoding = 4; lastKnownFileType = sourcecode.swift; path = GlemtPassord.swift; sourceTree = "<group>"; };
		F43F88C21E729B9F00FDEF36 /* Informasjon.swift */ = {isa = PBXFileReference; fileEncoding = 4; lastKnownFileType = sourcecode.swift; path = Informasjon.swift; sourceTree = "<group>"; };
		F43F88C41E729BAE00FDEF36 /* KontaktOss.swift */ = {isa = PBXFileReference; fileEncoding = 4; lastKnownFileType = sourcecode.swift; path = KontaktOss.swift; sourceTree = "<group>"; };
		F43F88C61E72A0F500FDEF36 /* Facebook.swift */ = {isa = PBXFileReference; fileEncoding = 4; lastKnownFileType = sourcecode.swift; path = Facebook.swift; sourceTree = "<group>"; };
		F43F88C81E72A9F400FDEF36 /* Registrering.swift */ = {isa = PBXFileReference; fileEncoding = 4; lastKnownFileType = sourcecode.swift; path = Registrering.swift; sourceTree = "<group>"; };
		F43F88CA1E72AA0E00FDEF36 /* RegistreringTilbakemelding.swift */ = {isa = PBXFileReference; fileEncoding = 4; lastKnownFileType = sourcecode.swift; path = RegistreringTilbakemelding.swift; sourceTree = "<group>"; };
		F43F88CC1E72AA4E00FDEF36 /* Regex.swift */ = {isa = PBXFileReference; fileEncoding = 4; lastKnownFileType = sourcecode.swift; path = Regex.swift; sourceTree = "<group>"; };
		F43F88CE1E76402E00FDEF36 /* Hovedmeny.swift */ = {isa = PBXFileReference; fileEncoding = 4; lastKnownFileType = sourcecode.swift; path = Hovedmeny.swift; sourceTree = "<group>"; };
		F43F88D01E7648FA00FDEF36 /* Instillinger.swift */ = {isa = PBXFileReference; fileEncoding = 4; lastKnownFileType = sourcecode.swift; path = Instillinger.swift; sourceTree = "<group>"; };
		F44D3E8B1E704BF0001463B0 /* MemoFrame.app */ = {isa = PBXFileReference; explicitFileType = wrapper.application; includeInIndex = 0; path = MemoFrame.app; sourceTree = BUILT_PRODUCTS_DIR; };
		F44D3E8E1E704BF0001463B0 /* AppDelegate.swift */ = {isa = PBXFileReference; lastKnownFileType = sourcecode.swift; path = AppDelegate.swift; sourceTree = "<group>"; };
		F44D3E931E704BF0001463B0 /* Base */ = {isa = PBXFileReference; lastKnownFileType = file.storyboard; name = Base; path = Base.lproj/Main.storyboard; sourceTree = "<group>"; };
		F44D3E951E704BF0001463B0 /* Assets.xcassets */ = {isa = PBXFileReference; lastKnownFileType = folder.assetcatalog; path = Assets.xcassets; sourceTree = "<group>"; };
		F44D3E981E704BF0001463B0 /* Base */ = {isa = PBXFileReference; lastKnownFileType = file.storyboard; name = Base; path = Base.lproj/LaunchScreen.storyboard; sourceTree = "<group>"; };
		F44D3E9A1E704BF0001463B0 /* Info.plist */ = {isa = PBXFileReference; lastKnownFileType = text.plist.xml; path = Info.plist; sourceTree = "<group>"; };
		F44D3E9F1E704BF0001463B0 /* MemoFrameTests.xctest */ = {isa = PBXFileReference; explicitFileType = wrapper.cfbundle; includeInIndex = 0; path = MemoFrameTests.xctest; sourceTree = BUILT_PRODUCTS_DIR; };
		F44D3EA31E704BF0001463B0 /* MemoFrameTests.swift */ = {isa = PBXFileReference; lastKnownFileType = sourcecode.swift; path = MemoFrameTests.swift; sourceTree = "<group>"; };
		F44D3EA51E704BF0001463B0 /* Info.plist */ = {isa = PBXFileReference; lastKnownFileType = text.plist.xml; path = Info.plist; sourceTree = "<group>"; };
		F44D3EAA1E704BF0001463B0 /* MemoFrameUITests.xctest */ = {isa = PBXFileReference; explicitFileType = wrapper.cfbundle; includeInIndex = 0; path = MemoFrameUITests.xctest; sourceTree = BUILT_PRODUCTS_DIR; };
		F44D3EAE1E704BF0001463B0 /* MemoFrameUITests.swift */ = {isa = PBXFileReference; lastKnownFileType = sourcecode.swift; path = MemoFrameUITests.swift; sourceTree = "<group>"; };
		F44D3EB01E704BF0001463B0 /* Info.plist */ = {isa = PBXFileReference; lastKnownFileType = text.plist.xml; path = Info.plist; sourceTree = "<group>"; };
		F49FDB791E7652E900F4B8B2 /* Brukerdetaljer.swift */ = {isa = PBXFileReference; fileEncoding = 4; lastKnownFileType = sourcecode.swift; path = Brukerdetaljer.swift; sourceTree = "<group>"; };
		F4B4FABB1E76C11C00D76CA2 /* TestViaKode.swift */ = {isa = PBXFileReference; fileEncoding = 4; lastKnownFileType = sourcecode.swift; path = TestViaKode.swift; sourceTree = "<group>"; };
/* End PBXFileReference section */

/* Begin PBXFrameworksBuildPhase section */
		F44D3E881E704BEF001463B0 /* Frameworks */ = {
			isa = PBXFrameworksBuildPhase;
			buildActionMask = 2147483647;
			files = (
				AF424EBA1E7A03A400AC5B48 /* JWT.framework in Frameworks */,
				AF424EB81E7A03A000AC5B48 /* CryptoSwift.framework in Frameworks */,
				AF502F161E7877E60020C24B /* PopupDialog.framework in Frameworks */,
				AF5B05351E77276900E97D32 /* Alamofire.framework in Frameworks */,
				B381C8D8F38A79A0863A4C4B /* Pods_MemoFrame.framework in Frameworks */,
			);
			runOnlyForDeploymentPostprocessing = 0;
		};
		F44D3E9C1E704BF0001463B0 /* Frameworks */ = {
			isa = PBXFrameworksBuildPhase;
			buildActionMask = 2147483647;
			files = (
			);
			runOnlyForDeploymentPostprocessing = 0;
		};
		F44D3EA71E704BF0001463B0 /* Frameworks */ = {
			isa = PBXFrameworksBuildPhase;
			buildActionMask = 2147483647;
			files = (
			);
			runOnlyForDeploymentPostprocessing = 0;
		};
/* End PBXFrameworksBuildPhase section */

/* Begin PBXGroup section */
		21CDF54AA4DE5406FEE6EADF /* Pods */ = {
			isa = PBXGroup;
			children = (
				BE3E998BA3E867688C1ACB33 /* Pods-MemoFrame.debug.xcconfig */,
				6B5709197FB664BA62D89C07 /* Pods-MemoFrame.release.xcconfig */,
			);
			name = Pods;
			sourceTree = "<group>";
		};
		9E1A3F6E076D75BA7CA0EC43 /* Frameworks */ = {
			isa = PBXGroup;
			children = (
				AF424EB91E7A03A400AC5B48 /* JWT.framework */,
				AF424EB71E7A03A000AC5B48 /* CryptoSwift.framework */,
				AF502F151E7877E60020C24B /* PopupDialog.framework */,
				AF5B05341E77276900E97D32 /* Alamofire.framework */,
				0E6CBC09CFF6B11DD322BA0E /* Pods_MemoFrame.framework */,
			);
			name = Frameworks;
			sourceTree = "<group>";
		};
		F43F88BC1E7282B500FDEF36 /* View */ = {
			isa = PBXGroup;
			children = (
				F44D3E971E704BF0001463B0 /* LaunchScreen.storyboard */,
				F44D3E921E704BF0001463B0 /* Main.storyboard */,
			);
			name = View;
			sourceTree = "<group>";
		};
		F43F88BD1E7282BE00FDEF36 /* Controller */ = {
			isa = PBXGroup;
			children = (
				F43F88BE1E7282FE00FDEF36 /* Innlogging.swift */,
				F43F88C01E7296CA00FDEF36 /* GlemtPassord.swift */,
				F43F88C21E729B9F00FDEF36 /* Informasjon.swift */,
				F43F88C41E729BAE00FDEF36 /* KontaktOss.swift */,
				F43F88C61E72A0F500FDEF36 /* Facebook.swift */,
				F43F88C81E72A9F400FDEF36 /* Registrering.swift */,
				F43F88CA1E72AA0E00FDEF36 /* RegistreringTilbakemelding.swift */,
				F43F88CE1E76402E00FDEF36 /* Hovedmeny.swift */,
				F43F88D01E7648FA00FDEF36 /* Instillinger.swift */,
				F49FDB791E7652E900F4B8B2 /* Brukerdetaljer.swift */,
				F4B4FABB1E76C11C00D76CA2 /* TestViaKode.swift */,
			);
			name = Controller;
			sourceTree = "<group>";
		};
		F44D3E821E704BEF001463B0 = {
			isa = PBXGroup;
			children = (
				F44D3E8D1E704BF0001463B0 /* MemoFrame */,
				F44D3EA21E704BF0001463B0 /* MemoFrameTests */,
				F44D3EAD1E704BF0001463B0 /* MemoFrameUITests */,
				F44D3E8C1E704BF0001463B0 /* Products */,
				21CDF54AA4DE5406FEE6EADF /* Pods */,
				9E1A3F6E076D75BA7CA0EC43 /* Frameworks */,
			);
			sourceTree = "<group>";
		};
		F44D3E8C1E704BF0001463B0 /* Products */ = {
			isa = PBXGroup;
			children = (
				F44D3E8B1E704BF0001463B0 /* MemoFrame.app */,
				F44D3E9F1E704BF0001463B0 /* MemoFrameTests.xctest */,
				F44D3EAA1E704BF0001463B0 /* MemoFrameUITests.xctest */,
			);
			name = Products;
			sourceTree = "<group>";
		};
		F44D3E8D1E704BF0001463B0 /* MemoFrame */ = {
			isa = PBXGroup;
			children = (
				F44D3EC01E727D84001463B0 /* Startup */,
				F44D3EBC1E705D9E001463B0 /* Model */,
				F43F88BC1E7282B500FDEF36 /* View */,
				F43F88BD1E7282BE00FDEF36 /* Controller */,
			);
			path = MemoFrame;
			sourceTree = "<group>";
		};
		F44D3EA21E704BF0001463B0 /* MemoFrameTests */ = {
			isa = PBXGroup;
			children = (
				F44D3EA31E704BF0001463B0 /* MemoFrameTests.swift */,
				F44D3EA51E704BF0001463B0 /* Info.plist */,
			);
			path = MemoFrameTests;
			sourceTree = "<group>";
		};
		F44D3EAD1E704BF0001463B0 /* MemoFrameUITests */ = {
			isa = PBXGroup;
			children = (
				F44D3EAE1E704BF0001463B0 /* MemoFrameUITests.swift */,
				F44D3EB01E704BF0001463B0 /* Info.plist */,
			);
			path = MemoFrameUITests;
			sourceTree = "<group>";
		};
		F44D3EBC1E705D9E001463B0 /* Model */ = {
			isa = PBXGroup;
			children = (
				F44D3E951E704BF0001463B0 /* Assets.xcassets */,
				F43F88CC1E72AA4E00FDEF36 /* Regex.swift */,
			);
			name = Model;
			sourceTree = "<group>";
		};
		F44D3EC01E727D84001463B0 /* Startup */ = {
			isa = PBXGroup;
			children = (
				F44D3E9A1E704BF0001463B0 /* Info.plist */,
				F44D3E8E1E704BF0001463B0 /* AppDelegate.swift */,
			);
			name = Startup;
			sourceTree = "<group>";
		};
/* End PBXGroup section */

/* Begin PBXNativeTarget section */
		F44D3E8A1E704BEF001463B0 /* MemoFrame */ = {
			isa = PBXNativeTarget;
			buildConfigurationList = F44D3EB31E704BF0001463B0 /* Build configuration list for PBXNativeTarget "MemoFrame" */;
			buildPhases = (
				7E88BEA1B1B75B91AA069EA7 /* [CP] Check Pods Manifest.lock */,
				F44D3E871E704BEF001463B0 /* Sources */,
				F44D3E881E704BEF001463B0 /* Frameworks */,
				F44D3E891E704BEF001463B0 /* Resources */,
				0FE9629E90AACE064D2E8458 /* [CP] Embed Pods Frameworks */,
				6545B86C232709FE8913B91B /* [CP] Copy Pods Resources */,
			);
			buildRules = (
			);
			dependencies = (
			);
			name = MemoFrame;
			productName = MemoFrame;
			productReference = F44D3E8B1E704BF0001463B0 /* MemoFrame.app */;
			productType = "com.apple.product-type.application";
		};
		F44D3E9E1E704BF0001463B0 /* MemoFrameTests */ = {
			isa = PBXNativeTarget;
			buildConfigurationList = F44D3EB61E704BF0001463B0 /* Build configuration list for PBXNativeTarget "MemoFrameTests" */;
			buildPhases = (
				F44D3E9B1E704BF0001463B0 /* Sources */,
				F44D3E9C1E704BF0001463B0 /* Frameworks */,
				F44D3E9D1E704BF0001463B0 /* Resources */,
			);
			buildRules = (
			);
			dependencies = (
				F44D3EA11E704BF0001463B0 /* PBXTargetDependency */,
			);
			name = MemoFrameTests;
			productName = MemoFrameTests;
			productReference = F44D3E9F1E704BF0001463B0 /* MemoFrameTests.xctest */;
			productType = "com.apple.product-type.bundle.unit-test";
		};
		F44D3EA91E704BF0001463B0 /* MemoFrameUITests */ = {
			isa = PBXNativeTarget;
			buildConfigurationList = F44D3EB91E704BF0001463B0 /* Build configuration list for PBXNativeTarget "MemoFrameUITests" */;
			buildPhases = (
				F44D3EA61E704BF0001463B0 /* Sources */,
				F44D3EA71E704BF0001463B0 /* Frameworks */,
				F44D3EA81E704BF0001463B0 /* Resources */,
			);
			buildRules = (
			);
			dependencies = (
				F44D3EAC1E704BF0001463B0 /* PBXTargetDependency */,
			);
			name = MemoFrameUITests;
			productName = MemoFrameUITests;
			productReference = F44D3EAA1E704BF0001463B0 /* MemoFrameUITests.xctest */;
			productType = "com.apple.product-type.bundle.ui-testing";
		};
/* End PBXNativeTarget section */

/* Begin PBXProject section */
		F44D3E831E704BEF001463B0 /* Project object */ = {
			isa = PBXProject;
			attributes = {
				LastSwiftUpdateCheck = 0820;
				LastUpgradeCheck = 0820;
				ORGANIZATIONNAME = "Christopher Reyes";
				TargetAttributes = {
					F44D3E8A1E704BEF001463B0 = {
						CreatedOnToolsVersion = 8.2.1;
						ProvisioningStyle = Automatic;
					};
					F44D3E9E1E704BF0001463B0 = {
						CreatedOnToolsVersion = 8.2.1;
						ProvisioningStyle = Automatic;
						TestTargetID = F44D3E8A1E704BEF001463B0;
					};
					F44D3EA91E704BF0001463B0 = {
						CreatedOnToolsVersion = 8.2.1;
						ProvisioningStyle = Automatic;
						TestTargetID = F44D3E8A1E704BEF001463B0;
					};
				};
			};
			buildConfigurationList = F44D3E861E704BEF001463B0 /* Build configuration list for PBXProject "MemoFrame" */;
			compatibilityVersion = "Xcode 3.2";
			developmentRegion = English;
			hasScannedForEncodings = 0;
			knownRegions = (
				en,
				Base,
			);
			mainGroup = F44D3E821E704BEF001463B0;
			productRefGroup = F44D3E8C1E704BF0001463B0 /* Products */;
			projectDirPath = "";
			projectRoot = "";
			targets = (
				F44D3E8A1E704BEF001463B0 /* MemoFrame */,
				F44D3E9E1E704BF0001463B0 /* MemoFrameTests */,
				F44D3EA91E704BF0001463B0 /* MemoFrameUITests */,
			);
		};
/* End PBXProject section */

/* Begin PBXResourcesBuildPhase section */
		F44D3E891E704BEF001463B0 /* Resources */ = {
			isa = PBXResourcesBuildPhase;
			buildActionMask = 2147483647;
			files = (
				F44D3E991E704BF0001463B0 /* LaunchScreen.storyboard in Resources */,
				F44D3E961E704BF0001463B0 /* Assets.xcassets in Resources */,
				F44D3E941E704BF0001463B0 /* Main.storyboard in Resources */,
			);
			runOnlyForDeploymentPostprocessing = 0;
		};
		F44D3E9D1E704BF0001463B0 /* Resources */ = {
			isa = PBXResourcesBuildPhase;
			buildActionMask = 2147483647;
			files = (
			);
			runOnlyForDeploymentPostprocessing = 0;
		};
		F44D3EA81E704BF0001463B0 /* Resources */ = {
			isa = PBXResourcesBuildPhase;
			buildActionMask = 2147483647;
			files = (
			);
			runOnlyForDeploymentPostprocessing = 0;
		};
/* End PBXResourcesBuildPhase section */

/* Begin PBXShellScriptBuildPhase section */
		0FE9629E90AACE064D2E8458 /* [CP] Embed Pods Frameworks */ = {
			isa = PBXShellScriptBuildPhase;
			buildActionMask = 2147483647;
			files = (
			);
			inputPaths = (
			);
			name = "[CP] Embed Pods Frameworks";
			outputPaths = (
			);
			runOnlyForDeploymentPostprocessing = 0;
			shellPath = /bin/sh;
			shellScript = "\"${SRCROOT}/Pods/Target Support Files/Pods-MemoFrame/Pods-MemoFrame-frameworks.sh\"\n";
			showEnvVarsInLog = 0;
		};
		6545B86C232709FE8913B91B /* [CP] Copy Pods Resources */ = {
			isa = PBXShellScriptBuildPhase;
			buildActionMask = 2147483647;
			files = (
			);
			inputPaths = (
			);
			name = "[CP] Copy Pods Resources";
			outputPaths = (
			);
			runOnlyForDeploymentPostprocessing = 0;
			shellPath = /bin/sh;
			shellScript = "\"${SRCROOT}/Pods/Target Support Files/Pods-MemoFrame/Pods-MemoFrame-resources.sh\"\n";
			showEnvVarsInLog = 0;
		};
		7E88BEA1B1B75B91AA069EA7 /* [CP] Check Pods Manifest.lock */ = {
			isa = PBXShellScriptBuildPhase;
			buildActionMask = 2147483647;
			files = (
			);
			inputPaths = (
			);
			name = "[CP] Check Pods Manifest.lock";
			outputPaths = (
			);
			runOnlyForDeploymentPostprocessing = 0;
			shellPath = /bin/sh;
			shellScript = "diff \"${PODS_ROOT}/../Podfile.lock\" \"${PODS_ROOT}/Manifest.lock\" > /dev/null\nif [ $? != 0 ] ; then\n    # print error to STDERR\n    echo \"error: The sandbox is not in sync with the Podfile.lock. Run 'pod install' or update your CocoaPods installation.\" >&2\n    exit 1\nfi\n";
			showEnvVarsInLog = 0;
		};
/* End PBXShellScriptBuildPhase section */

/* Begin PBXSourcesBuildPhase section */
		F44D3E871E704BEF001463B0 /* Sources */ = {
			isa = PBXSourcesBuildPhase;
			buildActionMask = 2147483647;
			files = (
				F43F88CB1E72AA0E00FDEF36 /* RegistreringTilbakemelding.swift in Sources */,
				F43F88D11E7648FA00FDEF36 /* Instillinger.swift in Sources */,
				F43F88CD1E72AA4E00FDEF36 /* Regex.swift in Sources */,
				F43F88C51E729BAE00FDEF36 /* KontaktOss.swift in Sources */,
				F49FDB7A1E7652E900F4B8B2 /* Brukerdetaljer.swift in Sources */,
				F43F88C91E72A9F400FDEF36 /* Registrering.swift in Sources */,
				F44D3E8F1E704BF0001463B0 /* AppDelegate.swift in Sources */,
				F43F88C71E72A0F500FDEF36 /* Facebook.swift in Sources */,
				F43F88C31E729B9F00FDEF36 /* Informasjon.swift in Sources */,
				F43F88C11E7296CA00FDEF36 /* GlemtPassord.swift in Sources */,
				F4B4FABC1E76C11C00D76CA2 /* TestViaKode.swift in Sources */,
				F43F88CF1E76402E00FDEF36 /* Hovedmeny.swift in Sources */,
				F43F88BF1E7282FE00FDEF36 /* Innlogging.swift in Sources */,
			);
			runOnlyForDeploymentPostprocessing = 0;
		};
		F44D3E9B1E704BF0001463B0 /* Sources */ = {
			isa = PBXSourcesBuildPhase;
			buildActionMask = 2147483647;
			files = (
				F44D3EA41E704BF0001463B0 /* MemoFrameTests.swift in Sources */,
			);
			runOnlyForDeploymentPostprocessing = 0;
		};
		F44D3EA61E704BF0001463B0 /* Sources */ = {
			isa = PBXSourcesBuildPhase;
			buildActionMask = 2147483647;
			files = (
				F44D3EAF1E704BF0001463B0 /* MemoFrameUITests.swift in Sources */,
			);
			runOnlyForDeploymentPostprocessing = 0;
		};
/* End PBXSourcesBuildPhase section */

/* Begin PBXTargetDependency section */
		F44D3EA11E704BF0001463B0 /* PBXTargetDependency */ = {
			isa = PBXTargetDependency;
			target = F44D3E8A1E704BEF001463B0 /* MemoFrame */;
			targetProxy = F44D3EA01E704BF0001463B0 /* PBXContainerItemProxy */;
		};
		F44D3EAC1E704BF0001463B0 /* PBXTargetDependency */ = {
			isa = PBXTargetDependency;
			target = F44D3E8A1E704BEF001463B0 /* MemoFrame */;
			targetProxy = F44D3EAB1E704BF0001463B0 /* PBXContainerItemProxy */;
		};
/* End PBXTargetDependency section */

/* Begin PBXVariantGroup section */
		F44D3E921E704BF0001463B0 /* Main.storyboard */ = {
			isa = PBXVariantGroup;
			children = (
				F44D3E931E704BF0001463B0 /* Base */,
			);
			name = Main.storyboard;
			sourceTree = "<group>";
		};
		F44D3E971E704BF0001463B0 /* LaunchScreen.storyboard */ = {
			isa = PBXVariantGroup;
			children = (
				F44D3E981E704BF0001463B0 /* Base */,
			);
			name = LaunchScreen.storyboard;
			sourceTree = "<group>";
		};
/* End PBXVariantGroup section */

/* Begin XCBuildConfiguration section */
		F44D3EB11E704BF0001463B0 /* Debug */ = {
			isa = XCBuildConfiguration;
			buildSettings = {
				ALWAYS_SEARCH_USER_PATHS = NO;
				CLANG_ANALYZER_NONNULL = YES;
				CLANG_CXX_LANGUAGE_STANDARD = "gnu++0x";
				CLANG_CXX_LIBRARY = "libc++";
				CLANG_ENABLE_MODULES = YES;
				CLANG_ENABLE_OBJC_ARC = YES;
				CLANG_WARN_BOOL_CONVERSION = YES;
				CLANG_WARN_CONSTANT_CONVERSION = YES;
				CLANG_WARN_DIRECT_OBJC_ISA_USAGE = YES_ERROR;
				CLANG_WARN_DOCUMENTATION_COMMENTS = YES;
				CLANG_WARN_EMPTY_BODY = YES;
				CLANG_WARN_ENUM_CONVERSION = YES;
				CLANG_WARN_INFINITE_RECURSION = YES;
				CLANG_WARN_INT_CONVERSION = YES;
				CLANG_WARN_OBJC_ROOT_CLASS = YES_ERROR;
				CLANG_WARN_SUSPICIOUS_MOVE = YES;
				CLANG_WARN_UNREACHABLE_CODE = YES;
				CLANG_WARN__DUPLICATE_METHOD_MATCH = YES;
				"CODE_SIGN_IDENTITY[sdk=iphoneos*]" = "iPhone Developer";
				COPY_PHASE_STRIP = NO;
				DEBUG_INFORMATION_FORMAT = dwarf;
				ENABLE_STRICT_OBJC_MSGSEND = YES;
				ENABLE_TESTABILITY = YES;
				GCC_C_LANGUAGE_STANDARD = gnu99;
				GCC_DYNAMIC_NO_PIC = NO;
				GCC_NO_COMMON_BLOCKS = YES;
				GCC_OPTIMIZATION_LEVEL = 0;
				GCC_PREPROCESSOR_DEFINITIONS = (
					"DEBUG=1",
					"$(inherited)",
				);
				GCC_WARN_64_TO_32_BIT_CONVERSION = YES;
				GCC_WARN_ABOUT_RETURN_TYPE = YES_ERROR;
				GCC_WARN_UNDECLARED_SELECTOR = YES;
				GCC_WARN_UNINITIALIZED_AUTOS = YES_AGGRESSIVE;
				GCC_WARN_UNUSED_FUNCTION = YES;
				GCC_WARN_UNUSED_VARIABLE = YES;
				IPHONEOS_DEPLOYMENT_TARGET = 10.2;
				MTL_ENABLE_DEBUG_INFO = YES;
				ONLY_ACTIVE_ARCH = YES;
				SDKROOT = iphoneos;
				SWIFT_ACTIVE_COMPILATION_CONDITIONS = DEBUG;
				SWIFT_OPTIMIZATION_LEVEL = "-Onone";
				TARGETED_DEVICE_FAMILY = "1,2";
			};
			name = Debug;
		};
		F44D3EB21E704BF0001463B0 /* Release */ = {
			isa = XCBuildConfiguration;
			buildSettings = {
				ALWAYS_SEARCH_USER_PATHS = NO;
				CLANG_ANALYZER_NONNULL = YES;
				CLANG_CXX_LANGUAGE_STANDARD = "gnu++0x";
				CLANG_CXX_LIBRARY = "libc++";
				CLANG_ENABLE_MODULES = YES;
				CLANG_ENABLE_OBJC_ARC = YES;
				CLANG_WARN_BOOL_CONVERSION = YES;
				CLANG_WARN_CONSTANT_CONVERSION = YES;
				CLANG_WARN_DIRECT_OBJC_ISA_USAGE = YES_ERROR;
				CLANG_WARN_DOCUMENTATION_COMMENTS = YES;
				CLANG_WARN_EMPTY_BODY = YES;
				CLANG_WARN_ENUM_CONVERSION = YES;
				CLANG_WARN_INFINITE_RECURSION = YES;
				CLANG_WARN_INT_CONVERSION = YES;
				CLANG_WARN_OBJC_ROOT_CLASS = YES_ERROR;
				CLANG_WARN_SUSPICIOUS_MOVE = YES;
				CLANG_WARN_UNREACHABLE_CODE = YES;
				CLANG_WARN__DUPLICATE_METHOD_MATCH = YES;
				"CODE_SIGN_IDENTITY[sdk=iphoneos*]" = "iPhone Developer";
				COPY_PHASE_STRIP = NO;
				DEBUG_INFORMATION_FORMAT = "dwarf-with-dsym";
				ENABLE_NS_ASSERTIONS = NO;
				ENABLE_STRICT_OBJC_MSGSEND = YES;
				GCC_C_LANGUAGE_STANDARD = gnu99;
				GCC_NO_COMMON_BLOCKS = YES;
				GCC_WARN_64_TO_32_BIT_CONVERSION = YES;
				GCC_WARN_ABOUT_RETURN_TYPE = YES_ERROR;
				GCC_WARN_UNDECLARED_SELECTOR = YES;
				GCC_WARN_UNINITIALIZED_AUTOS = YES_AGGRESSIVE;
				GCC_WARN_UNUSED_FUNCTION = YES;
				GCC_WARN_UNUSED_VARIABLE = YES;
				IPHONEOS_DEPLOYMENT_TARGET = 10.2;
				MTL_ENABLE_DEBUG_INFO = NO;
				SDKROOT = iphoneos;
				SWIFT_OPTIMIZATION_LEVEL = "-Owholemodule";
				TARGETED_DEVICE_FAMILY = "1,2";
				VALIDATE_PRODUCT = YES;
			};
			name = Release;
		};
		F44D3EB41E704BF0001463B0 /* Debug */ = {
			isa = XCBuildConfiguration;
			baseConfigurationReference = BE3E998BA3E867688C1ACB33 /* Pods-MemoFrame.debug.xcconfig */;
			buildSettings = {
				ASSETCATALOG_COMPILER_APPICON_NAME = AppIcon;
				INFOPLIST_FILE = MemoFrame/Info.plist;
				LD_RUNPATH_SEARCH_PATHS = "$(inherited) @executable_path/Frameworks";
				PRODUCT_BUNDLE_IDENTIFIER = com.example.MemoFrame;
				PRODUCT_NAME = "$(TARGET_NAME)";
				SWIFT_VERSION = 3.0;
			};
			name = Debug;
		};
		F44D3EB51E704BF0001463B0 /* Release */ = {
			isa = XCBuildConfiguration;
			baseConfigurationReference = 6B5709197FB664BA62D89C07 /* Pods-MemoFrame.release.xcconfig */;
			buildSettings = {
				ASSETCATALOG_COMPILER_APPICON_NAME = AppIcon;
				INFOPLIST_FILE = MemoFrame/Info.plist;
				LD_RUNPATH_SEARCH_PATHS = "$(inherited) @executable_path/Frameworks";
				PRODUCT_BUNDLE_IDENTIFIER = com.example.MemoFrame;
				PRODUCT_NAME = "$(TARGET_NAME)";
				SWIFT_VERSION = 3.0;
			};
			name = Release;
		};
		F44D3EB71E704BF0001463B0 /* Debug */ = {
			isa = XCBuildConfiguration;
			buildSettings = {
				ALWAYS_EMBED_SWIFT_STANDARD_LIBRARIES = YES;
				BUNDLE_LOADER = "$(TEST_HOST)";
				INFOPLIST_FILE = MemoFrameTests/Info.plist;
				LD_RUNPATH_SEARCH_PATHS = "$(inherited) @executable_path/Frameworks @loader_path/Frameworks";
				PRODUCT_BUNDLE_IDENTIFIER = com.example.MemoFrameTests;
				PRODUCT_NAME = "$(TARGET_NAME)";
				SWIFT_VERSION = 3.0;
				TEST_HOST = "$(BUILT_PRODUCTS_DIR)/MemoFrame.app/MemoFrame";
			};
			name = Debug;
		};
		F44D3EB81E704BF0001463B0 /* Release */ = {
			isa = XCBuildConfiguration;
			buildSettings = {
				ALWAYS_EMBED_SWIFT_STANDARD_LIBRARIES = YES;
				BUNDLE_LOADER = "$(TEST_HOST)";
				INFOPLIST_FILE = MemoFrameTests/Info.plist;
				LD_RUNPATH_SEARCH_PATHS = "$(inherited) @executable_path/Frameworks @loader_path/Frameworks";
				PRODUCT_BUNDLE_IDENTIFIER = com.example.MemoFrameTests;
				PRODUCT_NAME = "$(TARGET_NAME)";
				SWIFT_VERSION = 3.0;
				TEST_HOST = "$(BUILT_PRODUCTS_DIR)/MemoFrame.app/MemoFrame";
			};
			name = Release;
		};
		F44D3EBA1E704BF0001463B0 /* Debug */ = {
			isa = XCBuildConfiguration;
			buildSettings = {
				ALWAYS_EMBED_SWIFT_STANDARD_LIBRARIES = YES;
				INFOPLIST_FILE = MemoFrameUITests/Info.plist;
				LD_RUNPATH_SEARCH_PATHS = "$(inherited) @executable_path/Frameworks @loader_path/Frameworks";
				PRODUCT_BUNDLE_IDENTIFIER = com.example.MemoFrameUITests;
				PRODUCT_NAME = "$(TARGET_NAME)";
				SWIFT_VERSION = 3.0;
				TEST_TARGET_NAME = MemoFrame;
			};
			name = Debug;
		};
		F44D3EBB1E704BF0001463B0 /* Release */ = {
			isa = XCBuildConfiguration;
			buildSettings = {
				ALWAYS_EMBED_SWIFT_STANDARD_LIBRARIES = YES;
				INFOPLIST_FILE = MemoFrameUITests/Info.plist;
				LD_RUNPATH_SEARCH_PATHS = "$(inherited) @executable_path/Frameworks @loader_path/Frameworks";
				PRODUCT_BUNDLE_IDENTIFIER = com.example.MemoFrameUITests;
				PRODUCT_NAME = "$(TARGET_NAME)";
				SWIFT_VERSION = 3.0;
				TEST_TARGET_NAME = MemoFrame;
			};
			name = Release;
		};
/* End XCBuildConfiguration section */

/* Begin XCConfigurationList section */
		F44D3E861E704BEF001463B0 /* Build configuration list for PBXProject "MemoFrame" */ = {
			isa = XCConfigurationList;
			buildConfigurations = (
				F44D3EB11E704BF0001463B0 /* Debug */,
				F44D3EB21E704BF0001463B0 /* Release */,
			);
			defaultConfigurationIsVisible = 0;
			defaultConfigurationName = Release;
		};
		F44D3EB31E704BF0001463B0 /* Build configuration list for PBXNativeTarget "MemoFrame" */ = {
			isa = XCConfigurationList;
			buildConfigurations = (
				F44D3EB41E704BF0001463B0 /* Debug */,
				F44D3EB51E704BF0001463B0 /* Release */,
			);
			defaultConfigurationIsVisible = 0;
			defaultConfigurationName = Release;
		};
		F44D3EB61E704BF0001463B0 /* Build configuration list for PBXNativeTarget "MemoFrameTests" */ = {
			isa = XCConfigurationList;
			buildConfigurations = (
				F44D3EB71E704BF0001463B0 /* Debug */,
				F44D3EB81E704BF0001463B0 /* Release */,
			);
			defaultConfigurationIsVisible = 0;
			defaultConfigurationName = Release;
		};
		F44D3EB91E704BF0001463B0 /* Build configuration list for PBXNativeTarget "MemoFrameUITests" */ = {
			isa = XCConfigurationList;
			buildConfigurations = (
				F44D3EBA1E704BF0001463B0 /* Debug */,
				F44D3EBB1E704BF0001463B0 /* Release */,
			);
			defaultConfigurationIsVisible = 0;
			defaultConfigurationName = Release;
		};
/* End XCConfigurationList section */
	};
	rootObject = F44D3E831E704BEF001463B0 /* Project object */;
}
